# This file is automatically @generated by Cargo.
# It is not intended for manual editing.
version = 3

[[package]]
name = "chaos-app"
version = "0.0.7"
dependencies = [
 "chaos-gguf",
 "chaos-model",
 "chaos-probe",
]

[[package]]
name = "chaos-arch"
version = "0.0.7"
dependencies = [
 "chaos-ggml",
 "chaos-gguf",
 "chaos-grammar",
 "chaos-io",
 "chaos-jinja",
 "chaos-model",
 "chaos-probe",
 "chaos-tokenizer",
]

[[package]]
name = "chaos-ggml"
version = "0.0.7"
dependencies = [
 "chaos-gguf",
 "chaos-model",
]

[[package]]
name = "chaos-gguf"
version = "0.0.7"

[[package]]
name = "chaos-grammar"
version = "0.0.7"

[[package]]
name = "chaos-io"
version = "0.0.7"

[[package]]
name = "chaos-jinja"
version = "0.0.7"

[[package]]
name = "chaos-model"
version = "0.0.7"
dependencies = [
 "chaos-gguf",
 "chaos-io",
 "chaos-plan",
 "chaos-probe",
]

[[package]]
name = "chaos-plan"
version = "0.0.7"
dependencies = [
 "chaos-gguf",
]

[[package]]
name = "chaos-probe"
version = "0.0.7"

[[package]]
name = "chaos-setup"
version = "0.0.7"
dependencies = [
 "chaos-app",
]

[[package]]
name = "chaos-tokenizer"
version = "0.0.7"
dependencies = [
 "chaos-gguf",
 "chaos-model",
]
