# This file is automatically @generated by Cargo.
# It is not intended for manual editing.
version = 3

[[package]]
name = "bigtea-arch"
version = "0.0.2"
dependencies = [
 "bigtea-ggml",
 "bigtea-gguf",
 "bigtea-io",
 "bigtea-model",
 "bigtea-probe",
 "bigtea-tokenizer",
]

[[package]]
name = "bigtea-ggml"
version = "0.0.2"
dependencies = [
 "bigtea-gguf",
 "bigtea-model",
]

[[package]]
name = "bigtea-gguf"
version = "0.0.2"

[[package]]
name = "bigtea-grammar"
version = "0.0.2"

[[package]]
name = "bigtea-io"
version = "0.0.2"

[[package]]
name = "bigtea-model"
version = "0.0.2"
dependencies = [
 "bigtea-gguf",
 "bigtea-io",
 "bigtea-plan",
 "bigtea-probe",
]

[[package]]
name = "bigtea-plan"
version = "0.0.2"
dependencies = [
 "bigtea-gguf",
]

[[package]]
name = "bigtea-probe"
version = "0.0.2"

[[package]]
name = "bigtea-tokenizer"
version = "0.0.2"
dependencies = [
 "bigtea-gguf",
 "bigtea-model",
]
