# This file is automatically @generated by Cargo.
# It is not intended for manual editing.
version = 3

[[package]]
name = "bigtea-ggml"
version = "0.1.0"
dependencies = [
 "bigtea-gguf",
 "bigtea-model",
]

[[package]]
name = "bigtea-gguf"
version = "0.1.0"

[[package]]
name = "bigtea-io"
version = "0.1.0"

[[package]]
name = "bigtea-model"
version = "0.1.0"
dependencies = [
 "bigtea-gguf",
 "bigtea-io",
 "bigtea-plan",
]

[[package]]
name = "bigtea-plan"
version = "0.1.0"
dependencies = [
 "bigtea-gguf",
]

[[package]]
name = "bigtea-probe"
version = "0.1.0"

[[package]]
name = "bigtea-tokenizer"
version = "0.1.0"
dependencies = [
 "bigtea-gguf",
 "bigtea-model",
]
